{
  "name": "l5",
  "version": "1.0.0",
  "lockfileVersion": 3,
  "requires": true,
  "packages": {
    "": {
      "name": "l5",
      "version": "1.0.0",
      "license": "ISC",
      "dependencies": {
        "bhoomika1221": "^1.0.0"
      }
    },
    "node_modules/bhoomika1221": {
      "version": "1.0.0",
      "resolved": "https://registry.npmjs.org/bhoomika1221/-/bhoomika1221-1.0.0.tgz",
      "integrity": "sha512-hXRrDeF6G7kgD5/SA54HkbAVODhPrEt5xEp41e/qZpIsFYZygtwGgTnAKtHFYttVxu9h/MSJtorxArwuuZe9QA==",
      "license": "ISC"
    }
  }
}
